Microsoft Visual Studio Solution File, Format Version 10.00
# Visual C++ Express 2008
Project("{8BC9CEB8-8B4A-11D0-8D11-00A0C91BC942}") = "gamedemo", "gamedemo.vcproj", "{27622090-CF79-4668-A6A3-C526E29BCE41}"
EndProject
Global
	GlobalSection(SolutionConfigurationPlatforms) = preSolution
		Debug|Win32 = Debug|Win32
		Release|Win32 = Release|Win32
	EndGlobalSection
	GlobalSection(ProjectConfigurationPlatforms) = postSolution
		{27622090-CF79-4668-A6A3-C526E29BCE41}.Debug|Win32.ActiveCfg = Debug|Win32
		{27622090-CF79-4668-A6A3-C526E29BCE41}.Debug|Win32.Build.0 = Debug|Win32
		{27622090-CF79-4668-A6A3-C526E29BCE41}.Release|Win32.ActiveCfg = Release|Win32
		{27622090-CF79-4668-A6A3-C526E29BCE41}.Release|Win32.Build.0 = Release|Win32
	EndGlobalSection
	GlobalSection(SolutionProperties) = preSolution
		HideSolutionNode = FALSE
	EndGlobalSection
EndGlobal
